
Microsoft Visual Studio Solution File, Format Version 12.00
# Visual Studio Version 16
VisualStudioVersion = 16.0.30114.105
MinimumVisualStudioVersion = 10.0.40219.1
Project("{FAE04EC0-301F-11D3-BF4B-00C04F79EFBC}") = "Tp03.Core", "Tp03.Core\Tp03.Core.csproj", "{ECA9C7DB-92F0-4C5A-AA82-70CAAC3F1938}"
EndProject
Project("{FAE04EC0-301F-11D3-BF4B-00C04F79EFBC}") = "Tp03.WebApplication", "Tp03.WebApplication\Tp03.WebApplication.csproj", "{1F51E7AF-4F17-43CD-8D86-853F2A5A81C3}"
EndProject
Global
	GlobalSection(SolutionConfigurationPlatforms) = preSolution
		Debug|Any CPU = Debug|Any CPU
		Debug|x64 = Debug|x64
		Debug|x86 = Debug|x86
		Release|Any CPU = Release|Any CPU
		Release|x64 = Release|x64
		Release|x86 = Release|x86
	EndGlobalSection
	GlobalSection(SolutionProperties) = preSolution
		HideSolutionNode = FALSE
	EndGlobalSection
	GlobalSection(ProjectConfigurationPlatforms) = postSolution
		{ECA9C7DB-92F0-4C5A-AA82-70CAAC3F1938}.Debug|Any CPU.ActiveCfg = Debug|Any CPU
		{ECA9C7DB-92F0-4C5A-AA82-70CAAC3F1938}.Debug|Any CPU.Build.0 = Debug|Any CPU
		{ECA9C7DB-92F0-4C5A-AA82-70CAAC3F1938}.Debug|x64.ActiveCfg = Debug|Any CPU
		{ECA9C7DB-92F0-4C5A-AA82-70CAAC3F1938}.Debug|x64.Build.0 = Debug|Any CPU
		{ECA9C7DB-92F0-4C5A-AA82-70CAAC3F1938}.Debug|x86.ActiveCfg = Debug|Any CPU
		{ECA9C7DB-92F0-4C5A-AA82-70CAAC3F1938}.Debug|x86.Build.0 = Debug|Any CPU
		{ECA9C7DB-92F0-4C5A-AA82-70CAAC3F1938}.Release|Any CPU.ActiveCfg = Release|Any CPU
		{ECA9C7DB-92F0-4C5A-AA82-70CAAC3F1938}.Release|Any CPU.Build.0 = Release|Any CPU
		{ECA9C7DB-92F0-4C5A-AA82-70CAAC3F1938}.Release|x64.ActiveCfg = Release|Any CPU
		{ECA9C7DB-92F0-4C5A-AA82-70CAAC3F1938}.Release|x64.Build.0 = Release|Any CPU
		{ECA9C7DB-92F0-4C5A-AA82-70CAAC3F1938}.Release|x86.ActiveCfg = Release|Any CPU
		{ECA9C7DB-92F0-4C5A-AA82-70CAAC3F1938}.Release|x86.Build.0 = Release|Any CPU
		{1F51E7AF-4F17-43CD-8D86-853F2A5A81C3}.Debug|Any CPU.ActiveCfg = Debug|Any CPU
		{1F51E7AF-4F17-43CD-8D86-853F2A5A81C3}.Debug|Any CPU.Build.0 = Debug|Any CPU
		{1F51E7AF-4F17-43CD-8D86-853F2A5A81C3}.Debug|x64.ActiveCfg = Debug|Any CPU
		{1F51E7AF-4F17-43CD-8D86-853F2A5A81C3}.Debug|x64.Build.0 = Debug|Any CPU
		{1F51E7AF-4F17-43CD-8D86-853F2A5A81C3}.Debug|x86.ActiveCfg = Debug|Any CPU
		{1F51E7AF-4F17-43CD-8D86-853F2A5A81C3}.Debug|x86.Build.0 = Debug|Any CPU
		{1F51E7AF-4F17-43CD-8D86-853F2A5A81C3}.Release|Any CPU.ActiveCfg = Release|Any CPU
		{1F51E7AF-4F17-43CD-8D86-853F2A5A81C3}.Release|Any CPU.Build.0 = Release|Any CPU
		{1F51E7AF-4F17-43CD-8D86-853F2A5A81C3}.Release|x64.ActiveCfg = Release|Any CPU
		{1F51E7AF-4F17-43CD-8D86-853F2A5A81C3}.Release|x64.Build.0 = Release|Any CPU
		{1F51E7AF-4F17-43CD-8D86-853F2A5A81C3}.Release|x86.ActiveCfg = Release|Any CPU
		{1F51E7AF-4F17-43CD-8D86-853F2A5A81C3}.Release|x86.Build.0 = Release|Any CPU
	EndGlobalSection
EndGlobal
